
Microsoft Visual Studio Solution File, Format Version 12.00
# Visual Studio 2013
VisualStudioVersion = 12.0.30501.0
MinimumVisualStudioVersion = 10.0.40219.1
Project("{8BC9CEB8-8B4A-11D0-8D11-00A0C91BC942}") = "parser-test", "parser-test.vcxproj", "{DABC9AC2-8CB6-448F-91BB-1A2010934738}"
EndProject
Project("{8BC9CEB8-8B4A-11D0-8D11-00A0C91BC942}") = "liblsl", "..\liblsl\liblsl.vcxproj", "{6377C34B-3296-4852-B870-E59DDE5B3B4B}"
EndProject
Global
	GlobalSection(SolutionConfigurationPlatforms) = preSolution
		Debug|Win32 = Debug|Win32
		Release|Win32 = Release|Win32
	EndGlobalSection
	GlobalSection(ProjectConfigurationPlatforms) = postSolution
		{DABC9AC2-8CB6-448F-91BB-1A2010934738}.Debug|Win32.ActiveCfg = Debug|Win32
		{DABC9AC2-8CB6-448F-91BB-1A2010934738}.Debug|Win32.Build.0 = Debug|Win32
		{DABC9AC2-8CB6-448F-91BB-1A2010934738}.Release|Win32.ActiveCfg = Release|Win32
		{DABC9AC2-8CB6-448F-91BB-1A2010934738}.Release|Win32.Build.0 = Release|Win32
		{6377C34B-3296-4852-B870-E59DDE5B3B4B}.Debug|Win32.ActiveCfg = Debug|Win32
		{6377C34B-3296-4852-B870-E59DDE5B3B4B}.Debug|Win32.Build.0 = Debug|Win32
		{6377C34B-3296-4852-B870-E59DDE5B3B4B}.Release|Win32.ActiveCfg = Release|Win32
		{6377C34B-3296-4852-B870-E59DDE5B3B4B}.Release|Win32.Build.0 = Release|Win32
	EndGlobalSection
	GlobalSection(SolutionProperties) = preSolution
		HideSolutionNode = FALSE
	EndGlobalSection
EndGlobal
