<?xml version="1.0" encoding="utf-8"?>
<Project ToolsVersion="4.0" xmlns="http://schemas.microsoft.com/developer/msbuild/2003">
  <ItemGroup>
    <Filter Include="Source Files">
      <UniqueIdentifier>{4FC737F1-C7A5-4376-A066-2A32D752A2FF}</UniqueIdentifier>
      <Extensions>cpp;c;cc;cxx;def;odl;idl;hpj;bat;asm;asmx</Extensions>
    </Filter>
    <Filter Include="Header Files">
      <UniqueIdentifier>{93995380-89BD-4b04-88EB-625FBE52EBFB}</UniqueIdentifier>
      <Extensions>h;hh;hpp;hxx;hm;inl;inc;xsd</Extensions>
    </Filter>
    <Filter Include="Resource Files">
      <UniqueIdentifier>{67DA6AB6-F800-4c08-8B7A-83BB121AAD01}</UniqueIdentifier>
      <Extensions>rc;ico;cur;bmp;dlg;rc2;rct;bin;rgs;gif;jpg;jpeg;jpe;resx;tiff;tif;png;wav;mfcribbon-ms</Extensions>
    </Filter>
    <Filter Include="Header Files\lsl">
      <UniqueIdentifier>{337a327c-e6ca-42a1-97b4-851a14a78c68}</UniqueIdentifier>
    </Filter>
    <Filter Include="Header Files\lsl\parser">
      <UniqueIdentifier>{8e78e0b7-84a7-4387-84d6-de3e07d340e0}</UniqueIdentifier>
    </Filter>
    <Filter Include="Header Files\lsl\lexer">
      <UniqueIdentifier>{e57cf9f2-b76e-42e1-823e-cb0b2df3281f}</UniqueIdentifier>
    </Filter>
    <Filter Include="Header Files\lsl\ast">
      <UniqueIdentifier>{001c7f88-0759-4a64-a7ef-562a349847b0}</UniqueIdentifier>
    </Filter>
    <Filter Include="Source Files\lsl">
      <UniqueIdentifier>{b4965752-dcde-4af2-ad02-ead67dc9660b}</UniqueIdentifier>
    </Filter>
    <Filter Include="Source Files\lsl\lexer">
      <UniqueIdentifier>{04e83798-5d64-4e5a-911a-d1c86afe6279}</UniqueIdentifier>
    </Filter>
    <Filter Include="Source Files\lsl\parser">
      <UniqueIdentifier>{2a3a37a4-ea0b-43c4-be50-06d87817f024}</UniqueIdentifier>
    </Filter>
    <Filter Include="Source Files\double-conversion">
      <UniqueIdentifier>{6d241c97-a494-43b6-906e-dfb3caf8cf33}</UniqueIdentifier>
    </Filter>
    <Filter Include="Source Files\lsl\ast">
      <UniqueIdentifier>{1630dacd-6e1e-40a5-803e-aab79113ff1c}</UniqueIdentifier>
    </Filter>
    <Filter Include="Header Files\lsl\runtime">
      <UniqueIdentifier>{bf61b9dd-2020-4f3a-9cc5-3d7208bed957}</UniqueIdentifier>
    </Filter>
    <Filter Include="Header Files\lsl\runtime\world">
      <UniqueIdentifier>{f0bb4b5c-e8f3-4a0f-9855-2be2fc477e81}</UniqueIdentifier>
    </Filter>
    <Filter Include="Header Files\lsl\runtime\library">
      <UniqueIdentifier>{1f732859-e03c-4f0b-9d46-37fe53a852ba}</UniqueIdentifier>
    </Filter>
    <Filter Include="Header Files\lsl\runtime\world\script">
      <UniqueIdentifier>{fbdc16f1-b2b6-4c90-a8e6-b0222ccd9db3}</UniqueIdentifier>
    </Filter>
    <Filter Include="Source Files\lsl\runtime">
      <UniqueIdentifier>{ad71c27e-5737-4309-a80d-05a55156de1f}</UniqueIdentifier>
    </Filter>
    <Filter Include="Source Files\lsl\runtime\world">
      <UniqueIdentifier>{f87f7af0-b9d7-4588-adda-c412e86dec10}</UniqueIdentifier>
    </Filter>
    <Filter Include="Source Files\lsl\runtime\world\script">
      <UniqueIdentifier>{2b92ef09-9253-4d7b-8f60-d7e41dc4401a}</UniqueIdentifier>
    </Filter>
  </ItemGroup>
  <ItemGroup>
    <ClCompile Include="..\lsl\lexer\lexer.cc">
      <Filter>Source Files\lsl\lexer</Filter>
    </ClCompile>
    <ClCompile Include="..\double-conversion\src\bignum.cc">
      <Filter>Source Files\double-conversion</Filter>
    </ClCompile>
    <ClCompile Include="..\double-conversion\src\bignum-dtoa.cc">
      <Filter>Source Files\double-conversion</Filter>
    </ClCompile>
    <ClCompile Include="..\double-conversion\src\cached-powers.cc">
      <Filter>Source Files\double-conversion</Filter>
    </ClCompile>
    <ClCompile Include="..\double-conversion\src\diy-fp.cc">
      <Filter>Source Files\double-conversion</Filter>
    </ClCompile>
    <ClCompile Include="..\double-conversion\src\double-conversion.cc">
      <Filter>Source Files\double-conversion</Filter>
    </ClCompile>
    <ClCompile Include="..\double-conversion\src\fast-dtoa.cc">
      <Filter>Source Files\double-conversion</Filter>
    </ClCompile>
    <ClCompile Include="..\double-conversion\src\fixed-dtoa.cc">
      <Filter>Source Files\double-conversion</Filter>
    </ClCompile>
    <ClCompile Include="..\double-conversion\src\strtod.cc">
      <Filter>Source Files\double-conversion</Filter>
    </ClCompile>
    <ClCompile Include="..\lsl\filebuf.cc">
      <Filter>Source Files\lsl</Filter>
    </ClCompile>
    <ClCompile Include="..\lsl\parser\parser.cc">
      <Filter>Source Files\lsl\parser</Filter>
    </ClCompile>
    <ClCompile Include="..\lsl\ast\api.cc">
      <Filter>Source Files\lsl\ast</Filter>
    </ClCompile>
    <ClCompile Include="..\lsl\ast\printer.cc">
      <Filter>Source Files\lsl\ast</Filter>
    </ClCompile>
    <ClCompile Include="..\lsl\parser\make_string.cc">
      <Filter>Source Files\lsl\parser</Filter>
    </ClCompile>
    <ClCompile Include="..\lsl\runtime\world\script\eval.cc">
      <Filter>Source Files\lsl\runtime\world\script</Filter>
    </ClCompile>
    <ClCompile Include="..\lsl\runtime\world\script\value.cc">
      <Filter>Source Files\lsl\runtime\world\script</Filter>
    </ClCompile>
  </ItemGroup>
  <ItemGroup>
    <ClInclude Include="..\lsl\filebuf.hh">
      <Filter>Header Files</Filter>
    </ClInclude>
    <ClInclude Include="..\lsl\types.hh">
      <Filter>Header Files</Filter>
    </ClInclude>
    <ClInclude Include="..\lsl\parser\apply.hh">
      <Filter>Header Files\lsl\parser</Filter>
    </ClInclude>
    <ClInclude Include="..\lsl\parser\error.hh">
      <Filter>Header Files\lsl\parser</Filter>
    </ClInclude>
    <ClInclude Include="..\lsl\parser\parser.hh">
      <Filter>Header Files\lsl\parser</Filter>
    </ClInclude>
    <ClInclude Include="..\lsl\parser\state.hh">
      <Filter>Header Files\lsl\parser</Filter>
    </ClInclude>
    <ClInclude Include="..\lsl\ast\ast.hh">
      <Filter>Header Files\lsl\ast</Filter>
    </ClInclude>
    <ClInclude Include="..\lsl\lexer\delim.hh">
      <Filter>Header Files\lsl\lexer</Filter>
    </ClInclude>
    <ClInclude Include="..\lsl\lexer\keyword.hh">
      <Filter>Header Files\lsl\lexer</Filter>
    </ClInclude>
    <ClInclude Include="..\lsl\lexer\lexer.hh">
      <Filter>Header Files\lsl\lexer</Filter>
    </ClInclude>
    <ClInclude Include="..\lsl\lexer\op.hh">
      <Filter>Header Files\lsl\lexer</Filter>
    </ClInclude>
    <ClInclude Include="..\lsl\lexer\tokendef.hh">
      <Filter>Header Files\lsl\lexer</Filter>
    </ClInclude>
    <ClInclude Include="..\lsl\lexer\tokens.hh">
      <Filter>Header Files\lsl\lexer</Filter>
    </ClInclude>
    <ClInclude Include="..\lsl\runtime\quaternion.hh">
      <Filter>Header Files\lsl\runtime</Filter>
    </ClInclude>
    <ClInclude Include="..\lsl\runtime\types.hh">
      <Filter>Header Files\lsl\runtime</Filter>
    </ClInclude>
    <ClInclude Include="..\lsl\runtime\vector.hh">
      <Filter>Header Files\lsl\runtime</Filter>
    </ClInclude>
    <ClInclude Include="..\lsl\ast\api.hh">
      <Filter>Header Files\lsl\ast</Filter>
    </ClInclude>
    <ClInclude Include="..\lsl\ast\printer.hh">
      <Filter>Header Files\lsl\ast</Filter>
    </ClInclude>
    <ClInclude Include="..\lsl\runtime\world\object.hh">
      <Filter>Header Files\lsl\runtime\world</Filter>
    </ClInclude>
    <ClInclude Include="..\lsl\runtime\world\prim.hh">
      <Filter>Header Files\lsl\runtime\world</Filter>
    </ClInclude>
    <ClInclude Include="..\lsl\runtime\world\script.hh">
      <Filter>Header Files\lsl\runtime\world</Filter>
    </ClInclude>
    <ClInclude Include="..\lsl\runtime\world\simulator.hh">
      <Filter>Header Files\lsl\runtime\world</Filter>
    </ClInclude>
    <ClInclude Include="..\lsl\runtime\world\inventory.hh">
      <Filter>Header Files\lsl\runtime\world</Filter>
    </ClInclude>
    <ClInclude Include="..\lsl\runtime\library\functions.hh">
      <Filter>Header Files\lsl\runtime\library</Filter>
    </ClInclude>
    <ClInclude Include="..\lsl\runtime\world\script\call.hh">
      <Filter>Header Files\lsl\runtime\world\script</Filter>
    </ClInclude>
    <ClInclude Include="..\lsl\runtime\world\script\constants.hh">
      <Filter>Header Files\lsl\runtime\world\script</Filter>
    </ClInclude>
    <ClInclude Include="..\lsl\runtime\world\script\context.hh">
      <Filter>Header Files\lsl\runtime\world\script</Filter>
    </ClInclude>
    <ClInclude Include="..\lsl\runtime\world\script\error.hh">
      <Filter>Header Files\lsl\runtime\world\script</Filter>
    </ClInclude>
    <ClInclude Include="..\lsl\runtime\world\script\eval.hh">
      <Filter>Header Files\lsl\runtime\world\script</Filter>
    </ClInclude>
    <ClInclude Include="..\lsl\runtime\world\script\function.hh">
      <Filter>Header Files\lsl\runtime\world\script</Filter>
    </ClInclude>
    <ClInclude Include="..\lsl\runtime\world\script\state.hh">
      <Filter>Header Files\lsl\runtime\world\script</Filter>
    </ClInclude>
    <ClInclude Include="..\lsl\runtime\world\script\type_info.hh">
      <Filter>Header Files\lsl\runtime\world\script</Filter>
    </ClInclude>
    <ClInclude Include="..\lsl\runtime\world\script\value.hh">
      <Filter>Header Files\lsl\runtime\world\script</Filter>
    </ClInclude>
    <ClInclude Include="..\lsl\runtime\world\script\value_convert.hh">
      <Filter>Header Files\lsl\runtime\world\script</Filter>
    </ClInclude>
  </ItemGroup>
</Project>